// !$*UTF8*$!
{
	archiveVersion = 1;
	classes = {
	};
	objectVersion = 56;
	objects = {

/* Begin PBXBuildFile section */
		C05610492A5C78CA007FB970 /* DevAcademyApp.swift in Sources */ = {isa = PBXBuildFile; fileRef = C05610482A5C78CA007FB970 /* DevAcademyApp.swift */; };
		C056104B2A5C78CA007FB970 /* ContentView.swift in Sources */ = {isa = PBXBuildFile; fileRef = C056104A2A5C78CA007FB970 /* ContentView.swift */; };
		C056104D2A5C78CB007FB970 /* Assets.xcassets in Resources */ = {isa = PBXBuildFile; fileRef = C056104C2A5C78CB007FB970 /* Assets.xcassets */; };
		C05610502A5C78CB007FB970 /* Preview Assets.xcassets in Resources */ = {isa = PBXBuildFile; fileRef = C056104F2A5C78CB007FB970 /* Preview Assets.xcassets */; };
		CA6CDBF22A66C92C0041B08C /* ukol1.swift in Sources */ = {isa = PBXBuildFile; fileRef = CA6CDBF12A66C92C0041B08C /* ukol1.swift */; };
		CAEC9D322A798FCC00B2DDF6 /* PlacesRow.swift in Sources */ = {isa = PBXBuildFile; fileRef = CAEC9D302A798FCC00B2DDF6 /* PlacesRow.swift */; };
		CAEC9D332A798FCC00B2DDF6 /* PlacesScene.swift in Sources */ = {isa = PBXBuildFile; fileRef = CAEC9D312A798FCC00B2DDF6 /* PlacesScene.swift */; };
		CAEC9D382A798FFD00B2DDF6 /* PlacesRow.swift in Sources */ = {isa = PBXBuildFile; fileRef = CAEC9D362A798FFD00B2DDF6 /* PlacesRow.swift */; };
		CAEC9D392A798FFD00B2DDF6 /* PlacesScene.swift in Sources */ = {isa = PBXBuildFile; fileRef = CAEC9D372A798FFD00B2DDF6 /* PlacesScene.swift */; };
		CAEC9D3B2A7991C300B2DDF6 /* PlacesDetail.swift in Sources */ = {isa = PBXBuildFile; fileRef = CAEC9D3A2A7991C300B2DDF6 /* PlacesDetail.swift */; };
		CAEC9D3E2A7991F100B2DDF6 /* ActivityIndicatorView in Frameworks */ = {isa = PBXBuildFile; productRef = CAEC9D3D2A7991F100B2DDF6 /* ActivityIndicatorView */; };
		CAFF31622A82760C00349B5A /* PlacesSceneStateView.swift in Sources */ = {isa = PBXBuildFile; fileRef = CAFF31612A82760C00349B5A /* PlacesSceneStateView.swift */; };
		CAFF31652A827A5200349B5A /* Coordinator.swift in Sources */ = {isa = PBXBuildFile; fileRef = CAFF31642A827A5200349B5A /* Coordinator.swift */; };
		CAFF31672A827A8F00349B5A /* PlacesDetailStateView.swift in Sources */ = {isa = PBXBuildFile; fileRef = CAFF31662A827A8F00349B5A /* PlacesDetailStateView.swift */; };
		CAFF31692A827EA800349B5A /* PlacesObservableObject.swift in Sources */ = {isa = PBXBuildFile; fileRef = CAFF31682A827EA800349B5A /* PlacesObservableObject.swift */; };
		CAFF316B2A82812A00349B5A /* RootView.swift in Sources */ = {isa = PBXBuildFile; fileRef = CAFF316A2A82812A00349B5A /* RootView.swift */; };
/* End PBXBuildFile section */

/* Begin PBXFileReference section */
		C05610452A5C78CA007FB970 /* DevAcademy.app */ = {isa = PBXFileReference; explicitFileType = wrapper.application; includeInIndex = 0; path = DevAcademy.app; sourceTree = BUILT_PRODUCTS_DIR; };
		C05610482A5C78CA007FB970 /* DevAcademyApp.swift */ = {isa = PBXFileReference; lastKnownFileType = sourcecode.swift; path = DevAcademyApp.swift; sourceTree = "<group>"; };
		C056104A2A5C78CA007FB970 /* ContentView.swift */ = {isa = PBXFileReference; lastKnownFileType = sourcecode.swift; path = ContentView.swift; sourceTree = "<group>"; };
		C056104C2A5C78CB007FB970 /* Assets.xcassets */ = {isa = PBXFileReference; lastKnownFileType = folder.assetcatalog; path = Assets.xcassets; sourceTree = "<group>"; };
		C056104F2A5C78CB007FB970 /* Preview Assets.xcassets */ = {isa = PBXFileReference; lastKnownFileType = folder.assetcatalog; path = "Preview Assets.xcassets"; sourceTree = "<group>"; };
		CA6CDBF12A66C92C0041B08C /* ukol1.swift */ = {isa = PBXFileReference; lastKnownFileType = sourcecode.swift; path = ukol1.swift; sourceTree = "<group>"; };
		CAEC9D302A798FCC00B2DDF6 /* PlacesRow.swift */ = {isa = PBXFileReference; fileEncoding = 4; lastKnownFileType = sourcecode.swift; path = PlacesRow.swift; sourceTree = "<group>"; };
		CAEC9D312A798FCC00B2DDF6 /* PlacesScene.swift */ = {isa = PBXFileReference; fileEncoding = 4; lastKnownFileType = sourcecode.swift; path = PlacesScene.swift; sourceTree = "<group>"; };
		CAEC9D362A798FFD00B2DDF6 /* PlacesRow.swift */ = {isa = PBXFileReference; fileEncoding = 4; lastKnownFileType = sourcecode.swift; path = PlacesRow.swift; sourceTree = "<group>"; };
		CAEC9D372A798FFD00B2DDF6 /* PlacesScene.swift */ = {isa = PBXFileReference; fileEncoding = 4; lastKnownFileType = sourcecode.swift; path = PlacesScene.swift; sourceTree = "<group>"; };
		CAEC9D3A2A7991C300B2DDF6 /* PlacesDetail.swift */ = {isa = PBXFileReference; fileEncoding = 4; lastKnownFileType = sourcecode.swift; path = PlacesDetail.swift; sourceTree = "<group>"; };
		CAFF31612A82760C00349B5A /* PlacesSceneStateView.swift */ = {isa = PBXFileReference; lastKnownFileType = sourcecode.swift; path = PlacesSceneStateView.swift; sourceTree = "<group>"; };
		CAFF31642A827A5200349B5A /* Coordinator.swift */ = {isa = PBXFileReference; lastKnownFileType = sourcecode.swift; path = Coordinator.swift; sourceTree = "<group>"; };
		CAFF31662A827A8F00349B5A /* PlacesDetailStateView.swift */ = {isa = PBXFileReference; lastKnownFileType = sourcecode.swift; path = PlacesDetailStateView.swift; sourceTree = "<group>"; };
		CAFF31682A827EA800349B5A /* PlacesObservableObject.swift */ = {isa = PBXFileReference; lastKnownFileType = sourcecode.swift; path = PlacesObservableObject.swift; sourceTree = "<group>"; };
		CAFF316A2A82812A00349B5A /* RootView.swift */ = {isa = PBXFileReference; lastKnownFileType = sourcecode.swift; path = RootView.swift; sourceTree = "<group>"; };
/* End PBXFileReference section */

/* Begin PBXFrameworksBuildPhase section */
		C05610422A5C78CA007FB970 /* Frameworks */ = {
			isa = PBXFrameworksBuildPhase;
			buildActionMask = 2147483647;
			files = (
				CAEC9D3E2A7991F100B2DDF6 /* ActivityIndicatorView in Frameworks */,
			);
			runOnlyForDeploymentPostprocessing = 0;
		};
/* End PBXFrameworksBuildPhase section */

/* Begin PBXGroup section */
		C056103C2A5C78CA007FB970 = {
			isa = PBXGroup;
			children = (
				C05610472A5C78CA007FB970 /* DevAcademy */,
				C05610462A5C78CA007FB970 /* Products */,
			);
			sourceTree = "<group>";
		};
		C05610462A5C78CA007FB970 /* Products */ = {
			isa = PBXGroup;
			children = (
				C05610452A5C78CA007FB970 /* DevAcademy.app */,
			);
			name = Products;
			sourceTree = "<group>";
		};
		C05610472A5C78CA007FB970 /* DevAcademy */ = {
			isa = PBXGroup;
			children = (
				CAFF31632A827A3F00349B5A /* Environment */,
				CAEC9D342A798FFD00B2DDF6 /* Scenes */,
				CA6CDBF12A66C92C0041B08C /* ukol1.swift */,
				C05610482A5C78CA007FB970 /* DevAcademyApp.swift */,
				C056104A2A5C78CA007FB970 /* ContentView.swift */,
				C056104C2A5C78CB007FB970 /* Assets.xcassets */,
				C056104E2A5C78CB007FB970 /* Preview Content */,
				CAFF316A2A82812A00349B5A /* RootView.swift */,
			);
			path = DevAcademy;
			sourceTree = "<group>";
		};
		C056104E2A5C78CB007FB970 /* Preview Content */ = {
			isa = PBXGroup;
			children = (
				CAEC9D2E2A798FCC00B2DDF6 /* Scenes */,
				C056104F2A5C78CB007FB970 /* Preview Assets.xcassets */,
			);
			path = "Preview Content";
			sourceTree = "<group>";
		};
		CAEC9D2E2A798FCC00B2DDF6 /* Scenes */ = {
			isa = PBXGroup;
			children = (
				CAEC9D2F2A798FCC00B2DDF6 /* Places */,
			);
			name = Scenes;
			path = DevAcademy/Scenes;
			sourceTree = SOURCE_ROOT;
		};
		CAEC9D2F2A798FCC00B2DDF6 /* Places */ = {
			isa = PBXGroup;
			children = (
				CAEC9D302A798FCC00B2DDF6 /* PlacesRow.swift */,
				CAEC9D312A798FCC00B2DDF6 /* PlacesScene.swift */,
			);
			path = Places;
			sourceTree = "<group>";
		};
		CAEC9D342A798FFD00B2DDF6 /* Scenes */ = {
			isa = PBXGroup;
			children = (
				CAFF31602A8275DB00349B5A /* ViewStates */,
				CAEC9D352A798FFD00B2DDF6 /* Places */,
			);
			path = Scenes;
			sourceTree = "<group>";
		};
		CAEC9D352A798FFD00B2DDF6 /* Places */ = {
			isa = PBXGroup;
			children = (
				CAEC9D3A2A7991C300B2DDF6 /* PlacesDetail.swift */,
				CAEC9D362A798FFD00B2DDF6 /* PlacesRow.swift */,
				CAEC9D372A798FFD00B2DDF6 /* PlacesScene.swift */,
			);
			path = Places;
			sourceTree = "<group>";
		};
		CAFF31602A8275DB00349B5A /* ViewStates */ = {
			isa = PBXGroup;
			children = (
				CAFF31612A82760C00349B5A /* PlacesSceneStateView.swift */,
				CAFF31662A827A8F00349B5A /* PlacesDetailStateView.swift */,
			);
			path = ViewStates;
			sourceTree = "<group>";
		};
		CAFF31632A827A3F00349B5A /* Environment */ = {
			isa = PBXGroup;
			children = (
				CAFF31642A827A5200349B5A /* Coordinator.swift */,
				CAFF31682A827EA800349B5A /* PlacesObservableObject.swift */,
			);
			path = Environment;
			sourceTree = "<group>";
		};
/* End PBXGroup section */

/* Begin PBXNativeTarget section */
		C05610442A5C78CA007FB970 /* DevAcademy */ = {
			isa = PBXNativeTarget;
			buildConfigurationList = C05610532A5C78CB007FB970 /* Build configuration list for PBXNativeTarget "DevAcademy" */;
			buildPhases = (
				C05610412A5C78CA007FB970 /* Sources */,
				C05610422A5C78CA007FB970 /* Frameworks */,
				C05610432A5C78CA007FB970 /* Resources */,
			);
			buildRules = (
			);
			dependencies = (
			);
			name = DevAcademy;
			packageProductDependencies = (
				CAEC9D3D2A7991F100B2DDF6 /* ActivityIndicatorView */,
			);
			productName = DevAcademy;
			productReference = C05610452A5C78CA007FB970 /* DevAcademy.app */;
			productType = "com.apple.product-type.application";
		};
/* End PBXNativeTarget section */

/* Begin PBXProject section */
		C056103D2A5C78CA007FB970 /* Project object */ = {
			isa = PBXProject;
			attributes = {
				BuildIndependentTargetsInParallel = 1;
				LastSwiftUpdateCheck = 1430;
				LastUpgradeCheck = 1430;
				TargetAttributes = {
					C05610442A5C78CA007FB970 = {
						CreatedOnToolsVersion = 14.3.1;
					};
				};
			};
			buildConfigurationList = C05610402A5C78CA007FB970 /* Build configuration list for PBXProject "DevAcademy" */;
			compatibilityVersion = "Xcode 14.0";
			developmentRegion = en;
			hasScannedForEncodings = 0;
			knownRegions = (
				en,
				Base,
			);
			mainGroup = C056103C2A5C78CA007FB970;
			packageReferences = (
				CAEC9D3C2A7991F100B2DDF6 /* XCRemoteSwiftPackageReference "ActivityIndicatorView" */,
			);
			productRefGroup = C05610462A5C78CA007FB970 /* Products */;
			projectDirPath = "";
			projectRoot = "";
			targets = (
				C05610442A5C78CA007FB970 /* DevAcademy */,
			);
		};
/* End PBXProject section */

/* Begin PBXResourcesBuildPhase section */
		C05610432A5C78CA007FB970 /* Resources */ = {
			isa = PBXResourcesBuildPhase;
			buildActionMask = 2147483647;
			files = (
				C05610502A5C78CB007FB970 /* Preview Assets.xcassets in Resources */,
				C056104D2A5C78CB007FB970 /* Assets.xcassets in Resources */,
			);
			runOnlyForDeploymentPostprocessing = 0;
		};
/* End PBXResourcesBuildPhase section */

/* Begin PBXSourcesBuildPhase section */
		C05610412A5C78CA007FB970 /* Sources */ = {
			isa = PBXSourcesBuildPhase;
			buildActionMask = 2147483647;
			files = (
				CAEC9D3B2A7991C300B2DDF6 /* PlacesDetail.swift in Sources */,
				CAFF31622A82760C00349B5A /* PlacesSceneStateView.swift in Sources */,
				CAFF31652A827A5200349B5A /* Coordinator.swift in Sources */,
				C056104B2A5C78CA007FB970 /* ContentView.swift in Sources */,
				CAEC9D392A798FFD00B2DDF6 /* PlacesScene.swift in Sources */,
				C05610492A5C78CA007FB970 /* DevAcademyApp.swift in Sources */,
				CAFF31672A827A8F00349B5A /* PlacesDetailStateView.swift in Sources */,
				CAFF31692A827EA800349B5A /* PlacesObservableObject.swift in Sources */,
				CAEC9D322A798FCC00B2DDF6 /* PlacesRow.swift in Sources */,
				CAFF316B2A82812A00349B5A /* RootView.swift in Sources */,
				CA6CDBF22A66C92C0041B08C /* ukol1.swift in Sources */,
				CAEC9D382A798FFD00B2DDF6 /* PlacesRow.swift in Sources */,
				CAEC9D332A798FCC00B2DDF6 /* PlacesScene.swift in Sources */,
			);
			runOnlyForDeploymentPostprocessing = 0;
		};
/* End PBXSourcesBuildPhase section */

/* Begin XCBuildConfiguration section */
		C05610512A5C78CB007FB970 /* Debug */ = {
			isa = XCBuildConfiguration;
			buildSettings = {
				ALWAYS_SEARCH_USER_PATHS = NO;
				CLANG_ANALYZER_NONNULL = YES;
				CLANG_ANALYZER_NUMBER_OBJECT_CONVERSION = YES_AGGRESSIVE;
				CLANG_CXX_LANGUAGE_STANDARD = "gnu++20";
				CLANG_ENABLE_MODULES = YES;
				CLANG_ENABLE_OBJC_ARC = YES;
				CLANG_ENABLE_OBJC_WEAK = YES;
				CLANG_WARN_BLOCK_CAPTURE_AUTORELEASING = YES;
				CLANG_WARN_BOOL_CONVERSION = YES;
				CLANG_WARN_COMMA = YES;
				CLANG_WARN_CONSTANT_CONVERSION = YES;
				CLANG_WARN_DEPRECATED_OBJC_IMPLEMENTATIONS = YES;
				CLANG_WARN_DIRECT_OBJC_ISA_USAGE = YES_ERROR;
				CLANG_WARN_DOCUMENTATION_COMMENTS = YES;
				CLANG_WARN_EMPTY_BODY = YES;
				CLANG_WARN_ENUM_CONVERSION = YES;
				CLANG_WARN_INFINITE_RECURSION = YES;
				CLANG_WARN_INT_CONVERSION = YES;
				CLANG_WARN_NON_LITERAL_NULL_CONVERSION = YES;
				CLANG_WARN_OBJC_IMPLICIT_RETAIN_SELF = YES;
				CLANG_WARN_OBJC_LITERAL_CONVERSION = YES;
				CLANG_WARN_OBJC_ROOT_CLASS = YES_ERROR;
				CLANG_WARN_QUOTED_INCLUDE_IN_FRAMEWORK_HEADER = YES;
				CLANG_WARN_RANGE_LOOP_ANALYSIS = YES;
				CLANG_WARN_STRICT_PROTOTYPES = YES;
				CLANG_WARN_SUSPICIOUS_MOVE = YES;
				CLANG_WARN_UNGUARDED_AVAILABILITY = YES_AGGRESSIVE;
				CLANG_WARN_UNREACHABLE_CODE = YES;
				CLANG_WARN__DUPLICATE_METHOD_MATCH = YES;
				COPY_PHASE_STRIP = NO;
				DEBUG_INFORMATION_FORMAT = dwarf;
				ENABLE_STRICT_OBJC_MSGSEND = YES;
				ENABLE_TESTABILITY = YES;
				GCC_C_LANGUAGE_STANDARD = gnu11;
				GCC_DYNAMIC_NO_PIC = NO;
				GCC_NO_COMMON_BLOCKS = YES;
				GCC_OPTIMIZATION_LEVEL = 0;
				GCC_PREPROCESSOR_DEFINITIONS = (
					"DEBUG=1",
					"$(inherited)",
				);
				GCC_WARN_64_TO_32_BIT_CONVERSION = YES;
				GCC_WARN_ABOUT_RETURN_TYPE = YES_ERROR;
				GCC_WARN_UNDECLARED_SELECTOR = YES;
				GCC_WARN_UNINITIALIZED_AUTOS = YES_AGGRESSIVE;
				GCC_WARN_UNUSED_FUNCTION = YES;
				GCC_WARN_UNUSED_VARIABLE = YES;
				IPHONEOS_DEPLOYMENT_TARGET = 16.0;
				MTL_ENABLE_DEBUG_INFO = INCLUDE_SOURCE;
				MTL_FAST_MATH = YES;
				ONLY_ACTIVE_ARCH = YES;
				SDKROOT = iphoneos;
				SWIFT_ACTIVE_COMPILATION_CONDITIONS = DEBUG;
				SWIFT_OPTIMIZATION_LEVEL = "-Onone";
			};
			name = Debug;
		};
		C05610522A5C78CB007FB970 /* Release */ = {
			isa = XCBuildConfiguration;
			buildSettings = {
				ALWAYS_SEARCH_USER_PATHS = NO;
				CLANG_ANALYZER_NONNULL = YES;
				CLANG_ANALYZER_NUMBER_OBJECT_CONVERSION = YES_AGGRESSIVE;
				CLANG_CXX_LANGUAGE_STANDARD = "gnu++20";
				CLANG_ENABLE_MODULES = YES;
				CLANG_ENABLE_OBJC_ARC = YES;
				CLANG_ENABLE_OBJC_WEAK = YES;
				CLANG_WARN_BLOCK_CAPTURE_AUTORELEASING = YES;
				CLANG_WARN_BOOL_CONVERSION = YES;
				CLANG_WARN_COMMA = YES;
				CLANG_WARN_CONSTANT_CONVERSION = YES;
				CLANG_WARN_DEPRECATED_OBJC_IMPLEMENTATIONS = YES;
				CLANG_WARN_DIRECT_OBJC_ISA_USAGE = YES_ERROR;
				CLANG_WARN_DOCUMENTATION_COMMENTS = YES;
				CLANG_WARN_EMPTY_BODY = YES;
				CLANG_WARN_ENUM_CONVERSION = YES;
				CLANG_WARN_INFINITE_RECURSION = YES;
				CLANG_WARN_INT_CONVERSION = YES;
				CLANG_WARN_NON_LITERAL_NULL_CONVERSION = YES;
				CLANG_WARN_OBJC_IMPLICIT_RETAIN_SELF = YES;
				CLANG_WARN_OBJC_LITERAL_CONVERSION = YES;
				CLANG_WARN_OBJC_ROOT_CLASS = YES_ERROR;
				CLANG_WARN_QUOTED_INCLUDE_IN_FRAMEWORK_HEADER = YES;
				CLANG_WARN_RANGE_LOOP_ANALYSIS = YES;
				CLANG_WARN_STRICT_PROTOTYPES = YES;
				CLANG_WARN_SUSPICIOUS_MOVE = YES;
				CLANG_WARN_UNGUARDED_AVAILABILITY = YES_AGGRESSIVE;
				CLANG_WARN_UNREACHABLE_CODE = YES;
				CLANG_WARN__DUPLICATE_METHOD_MATCH = YES;
				COPY_PHASE_STRIP = NO;
				DEBUG_INFORMATION_FORMAT = "dwarf-with-dsym";
				ENABLE_NS_ASSERTIONS = NO;
				ENABLE_STRICT_OBJC_MSGSEND = YES;
				GCC_C_LANGUAGE_STANDARD = gnu11;
				GCC_NO_COMMON_BLOCKS = YES;
				GCC_WARN_64_TO_32_BIT_CONVERSION = YES;
				GCC_WARN_ABOUT_RETURN_TYPE = YES_ERROR;
				GCC_WARN_UNDECLARED_SELECTOR = YES;
				GCC_WARN_UNINITIALIZED_AUTOS = YES_AGGRESSIVE;
				GCC_WARN_UNUSED_FUNCTION = YES;
				GCC_WARN_UNUSED_VARIABLE = YES;
				IPHONEOS_DEPLOYMENT_TARGET = 16.0;
				MTL_ENABLE_DEBUG_INFO = NO;
				MTL_FAST_MATH = YES;
				SDKROOT = iphoneos;
				SWIFT_COMPILATION_MODE = wholemodule;
				SWIFT_OPTIMIZATION_LEVEL = "-O";
				VALIDATE_PRODUCT = YES;
			};
			name = Release;
		};
		C05610542A5C78CB007FB970 /* Debug */ = {
			isa = XCBuildConfiguration;
			buildSettings = {
				ASSETCATALOG_COMPILER_APPICON_NAME = AppIcon;
				ASSETCATALOG_COMPILER_GLOBAL_ACCENT_COLOR_NAME = AccentColor;
				CODE_SIGN_STYLE = Automatic;
				CURRENT_PROJECT_VERSION = 1;
				DEVELOPMENT_ASSET_PATHS = "\"DevAcademy/Preview Content\"";
				ENABLE_PREVIEWS = YES;
				GENERATE_INFOPLIST_FILE = YES;
				INFOPLIST_KEY_UIApplicationSceneManifest_Generation = YES;
				INFOPLIST_KEY_UIApplicationSupportsIndirectInputEvents = YES;
				INFOPLIST_KEY_UILaunchScreen_Generation = YES;
				INFOPLIST_KEY_UISupportedInterfaceOrientations_iPad = "UIInterfaceOrientationPortrait UIInterfaceOrientationPortraitUpsideDown UIInterfaceOrientationLandscapeLeft UIInterfaceOrientationLandscapeRight";
				INFOPLIST_KEY_UISupportedInterfaceOrientations_iPhone = "UIInterfaceOrientationPortrait UIInterfaceOrientationLandscapeLeft UIInterfaceOrientationLandscapeRight";
				IPHONEOS_DEPLOYMENT_TARGET = 16.0;
				LD_RUNPATH_SEARCH_PATHS = (
					"$(inherited)",
					"@executable_path/Frameworks",
				);
				MARKETING_VERSION = 1.0;
				PRODUCT_BUNDLE_IDENTIFIER = app.futured.DevAcademy;
				PRODUCT_NAME = "$(TARGET_NAME)";
				SWIFT_EMIT_LOC_STRINGS = YES;
				SWIFT_VERSION = 5.0;
				TARGETED_DEVICE_FAMILY = "1,2";
			};
			name = Debug;
		};
		C05610552A5C78CB007FB970 /* Release */ = {
			isa = XCBuildConfiguration;
			buildSettings = {
				ASSETCATALOG_COMPILER_APPICON_NAME = AppIcon;
				ASSETCATALOG_COMPILER_GLOBAL_ACCENT_COLOR_NAME = AccentColor;
				CODE_SIGN_STYLE = Automatic;
				CURRENT_PROJECT_VERSION = 1;
				DEVELOPMENT_ASSET_PATHS = "\"DevAcademy/Preview Content\"";
				ENABLE_PREVIEWS = YES;
				GENERATE_INFOPLIST_FILE = YES;
				INFOPLIST_KEY_UIApplicationSceneManifest_Generation = YES;
				INFOPLIST_KEY_UIApplicationSupportsIndirectInputEvents = YES;
				INFOPLIST_KEY_UILaunchScreen_Generation = YES;
				INFOPLIST_KEY_UISupportedInterfaceOrientations_iPad = "UIInterfaceOrientationPortrait UIInterfaceOrientationPortraitUpsideDown UIInterfaceOrientationLandscapeLeft UIInterfaceOrientationLandscapeRight";
				INFOPLIST_KEY_UISupportedInterfaceOrientations_iPhone = "UIInterfaceOrientationPortrait UIInterfaceOrientationLandscapeLeft UIInterfaceOrientationLandscapeRight";
				IPHONEOS_DEPLOYMENT_TARGET = 16.0;
				LD_RUNPATH_SEARCH_PATHS = (
					"$(inherited)",
					"@executable_path/Frameworks",
				);
				MARKETING_VERSION = 1.0;
				PRODUCT_BUNDLE_IDENTIFIER = app.futured.DevAcademy;
				PRODUCT_NAME = "$(TARGET_NAME)";
				SWIFT_EMIT_LOC_STRINGS = YES;
				SWIFT_VERSION = 5.0;
				TARGETED_DEVICE_FAMILY = "1,2";
			};
			name = Release;
		};
/* End XCBuildConfiguration section */

/* Begin XCConfigurationList section */
		C05610402A5C78CA007FB970 /* Build configuration list for PBXProject "DevAcademy" */ = {
			isa = XCConfigurationList;
			buildConfigurations = (
				C05610512A5C78CB007FB970 /* Debug */,
				C05610522A5C78CB007FB970 /* Release */,
			);
			defaultConfigurationIsVisible = 0;
			defaultConfigurationName = Release;
		};
		C05610532A5C78CB007FB970 /* Build configuration list for PBXNativeTarget "DevAcademy" */ = {
			isa = XCConfigurationList;
			buildConfigurations = (
				C05610542A5C78CB007FB970 /* Debug */,
				C05610552A5C78CB007FB970 /* Release */,
			);
			defaultConfigurationIsVisible = 0;
			defaultConfigurationName = Release;
		};
/* End XCConfigurationList section */

/* Begin XCRemoteSwiftPackageReference section */
		CAEC9D3C2A7991F100B2DDF6 /* XCRemoteSwiftPackageReference "ActivityIndicatorView" */ = {
			isa = XCRemoteSwiftPackageReference;
			repositoryURL = "https://github.com/exyte/ActivityIndicatorView.git";
			requirement = {
				kind = upToNextMajorVersion;
				minimumVersion = 1.0.0;
			};
		};
/* End XCRemoteSwiftPackageReference section */

/* Begin XCSwiftPackageProductDependency section */
		CAEC9D3D2A7991F100B2DDF6 /* ActivityIndicatorView */ = {
			isa = XCSwiftPackageProductDependency;
			package = CAEC9D3C2A7991F100B2DDF6 /* XCRemoteSwiftPackageReference "ActivityIndicatorView" */;
			productName = ActivityIndicatorView;
		};
/* End XCSwiftPackageProductDependency section */
	};
	rootObject = C056103D2A5C78CA007FB970 /* Project object */;
}
